
Microsoft Visual Studio Solution File, Format Version 12.00
# Visual Studio Version 16
VisualStudioVersion = 16.0.32413.511
MinimumVisualStudioVersion = 10.0.40219.1
Project("{FAE04EC0-301F-11D3-BF4B-00C04F79EFBC}") = "workshop4_02_642110252", "workshop4_02_642110252\workshop4_02_642110252.csproj", "{2FAF06A8-879C-41AA-92D9-D602958FC5D2}"
EndProject
Global
	GlobalSection(SolutionConfigurationPlatforms) = preSolution
		Debug|Any CPU = Debug|Any CPU
		Release|Any CPU = Release|Any CPU
	EndGlobalSection
	GlobalSection(ProjectConfigurationPlatforms) = postSolution
		{2FAF06A8-879C-41AA-92D9-D602958FC5D2}.Debug|Any CPU.ActiveCfg = Debug|Any CPU
		{2FAF06A8-879C-41AA-92D9-D602958FC5D2}.Debug|Any CPU.Build.0 = Debug|Any CPU
		{2FAF06A8-879C-41AA-92D9-D602958FC5D2}.Release|Any CPU.ActiveCfg = Release|Any CPU
		{2FAF06A8-879C-41AA-92D9-D602958FC5D2}.Release|Any CPU.Build.0 = Release|Any CPU
	EndGlobalSection
	GlobalSection(SolutionProperties) = preSolution
		HideSolutionNode = FALSE
	EndGlobalSection
	GlobalSection(ExtensibilityGlobals) = postSolution
		SolutionGuid = {7DE92458-52F3-4FA1-9BB1-4164448126C3}
	EndGlobalSection
EndGlobal
